{
  "object": {
    "pins": [
      {
        "package": "Alamofire",
        "repositoryURL": "https://gitee.com/mirrors/alamofire.git",
        "state": {
          "branch": null,
          "revision": "f96b619bcb2383b43d898402283924b80e2c4bae",
          "version": "5.4.3"
        }
      },
      {
        "package": "CleanJSON",
        "repositoryURL": "https://gitee.com/daveeapp/CleanJSON.git",
        "state": {
          "branch": null,
          "revision": "a60e181ec93e492af97a8ae4e444c2b7bf51149f",
          "version": "1.0.8"
        }
      }
    ]
  },
  "version": 1
}
